<Solution>
  <Project Path="PMGIS.Api/PMGIS.Api.csproj" />
  <Project Path="PMGIS.AppHost/PMGIS.AppHost.csproj" />
  <Project Path="PMGIS.Domain/PMGIS.Domain.csproj" />
  <Project Path="PMGIS.Infrastructure/PMGIS.Infrastructure.csproj" />
  <Project Path="PMGIS.ServiceDefaults/PMGIS.ServiceDefaults.csproj" />
</Solution>
